
Microsoft Visual Studio Solution File, Format Version 12.00
# Visual Studio Version 17
VisualStudioVersion = 17.1.32414.318
MinimumVisualStudioVersion = 10.0.40219.1
Project("{FAE04EC0-301F-11D3-BF4B-00C04F79EFBC}") = "Popryzhenok", "Popryzhenok\Popryzhenok.csproj", "{09FE1071-7F43-4279-992C-3883F782C163}"
EndProject
Global
	GlobalSection(SolutionConfigurationPlatforms) = preSolution
		Debug|Any CPU = Debug|Any CPU
		Release|Any CPU = Release|Any CPU
	EndGlobalSection
	GlobalSection(ProjectConfigurationPlatforms) = postSolution
		{09FE1071-7F43-4279-992C-3883F782C163}.Debug|Any CPU.ActiveCfg = Debug|Any CPU
		{09FE1071-7F43-4279-992C-3883F782C163}.Debug|Any CPU.Build.0 = Debug|Any CPU
		{09FE1071-7F43-4279-992C-3883F782C163}.Release|Any CPU.ActiveCfg = Release|Any CPU
		{09FE1071-7F43-4279-992C-3883F782C163}.Release|Any CPU.Build.0 = Release|Any CPU
	EndGlobalSection
	GlobalSection(SolutionProperties) = preSolution
		HideSolutionNode = FALSE
	EndGlobalSection
	GlobalSection(ExtensibilityGlobals) = postSolution
		SolutionGuid = {55C053A8-3813-4FCF-9429-62444FDFB06E}
	EndGlobalSection
EndGlobal
